
Microsoft Visual Studio Solution File, Format Version 12.00
# Visual Studio Version 16
VisualStudioVersion = 16.0.32106.194
MinimumVisualStudioVersion = 10.0.40219.1
Project("{8BC9CEB8-8B4A-11D0-8D11-00A0C91BC942}") = "Eco.DemoCalculator1", "Eco.DemoCalculator1.vcxproj", "{8196784F-FCBC-49AA-AA4B-228C3D77C40F}"
EndProject
Global
	GlobalSection(SolutionConfigurationPlatforms) = preSolution
		DynamicDebug|Win32 = DynamicDebug|Win32
		DynamicRelease|Win32 = DynamicRelease|Win32
		StaticDebug|Win32 = StaticDebug|Win32
		StaticRelease|Win32 = StaticRelease|Win32
	EndGlobalSection
	GlobalSection(ProjectConfigurationPlatforms) = postSolution
		{8196784F-FCBC-49AA-AA4B-228C3D77C40F}.DynamicDebug|Win32.ActiveCfg = DynamicDebug|Win32
		{8196784F-FCBC-49AA-AA4B-228C3D77C40F}.DynamicDebug|Win32.Build.0 = DynamicDebug|Win32
		{8196784F-FCBC-49AA-AA4B-228C3D77C40F}.DynamicRelease|Win32.ActiveCfg = DynamicRelease|Win32
		{8196784F-FCBC-49AA-AA4B-228C3D77C40F}.DynamicRelease|Win32.Build.0 = DynamicRelease|Win32
		{8196784F-FCBC-49AA-AA4B-228C3D77C40F}.StaticDebug|Win32.ActiveCfg = DynamicDebug|Win32
		{8196784F-FCBC-49AA-AA4B-228C3D77C40F}.StaticDebug|Win32.Build.0 = DynamicDebug|Win32
		{8196784F-FCBC-49AA-AA4B-228C3D77C40F}.StaticRelease|Win32.ActiveCfg = StaticRelease|Win32
		{8196784F-FCBC-49AA-AA4B-228C3D77C40F}.StaticRelease|Win32.Build.0 = StaticRelease|Win32
	EndGlobalSection
	GlobalSection(SolutionProperties) = preSolution
		HideSolutionNode = FALSE
	EndGlobalSection
	GlobalSection(ExtensibilityGlobals) = postSolution
		SolutionGuid = {2AAFE83D-FCF7-4080-AA22-872A32D0BE50}
	EndGlobalSection
EndGlobal
