
Microsoft Visual Studio Solution File, Format Version 11.00
# Visual Studio 2010
Project("{8BC9CEB8-8B4A-11D0-8D11-00A0C91BC942}") = "Eco.List1", "Eco.List1.vcxproj", "{F339FE39-AE21-4A9B-A240-31517E668B5B}"
EndProject
Project("{8BC9CEB8-8B4A-11D0-8D11-00A0C91BC942}") = "Eco.List1UnitTest", "Eco.List1UnitTest.vcxproj", "{300E0314-2A5B-4594-9ECE-EC1C77558DAF}"
EndProject
Global
	GlobalSection(SolutionConfigurationPlatforms) = preSolution
		DynamicDebug|Win32 = DynamicDebug|Win32
		DynamicRelease|Win32 = DynamicRelease|Win32
		StaticDebug|Win32 = StaticDebug|Win32
		StaticRelease|Win32 = StaticRelease|Win32
	EndGlobalSection
	GlobalSection(ProjectConfigurationPlatforms) = postSolution
		{F339FE39-AE21-4A9B-A240-31517E668B5B}.DynamicDebug|Win32.ActiveCfg = DynamicDebug|Win32
		{F339FE39-AE21-4A9B-A240-31517E668B5B}.DynamicDebug|Win32.Build.0 = DynamicDebug|Win32
		{F339FE39-AE21-4A9B-A240-31517E668B5B}.DynamicRelease|Win32.ActiveCfg = DynamicRelease|Win32
		{F339FE39-AE21-4A9B-A240-31517E668B5B}.DynamicRelease|Win32.Build.0 = DynamicRelease|Win32
		{F339FE39-AE21-4A9B-A240-31517E668B5B}.StaticDebug|Win32.ActiveCfg = StaticDebug|Win32
		{F339FE39-AE21-4A9B-A240-31517E668B5B}.StaticDebug|Win32.Build.0 = StaticDebug|Win32
		{F339FE39-AE21-4A9B-A240-31517E668B5B}.StaticRelease|Win32.ActiveCfg = StaticRelease|Win32
		{F339FE39-AE21-4A9B-A240-31517E668B5B}.StaticRelease|Win32.Build.0 = StaticRelease|Win32
		{300E0314-2A5B-4594-9ECE-EC1C77558DAF}.DynamicDebug|Win32.ActiveCfg = StaticRelease|Win32
		{300E0314-2A5B-4594-9ECE-EC1C77558DAF}.DynamicDebug|Win32.Build.0 = StaticRelease|Win32
		{300E0314-2A5B-4594-9ECE-EC1C77558DAF}.DynamicRelease|Win32.ActiveCfg = StaticRelease|Win32
		{300E0314-2A5B-4594-9ECE-EC1C77558DAF}.DynamicRelease|Win32.Build.0 = StaticRelease|Win32
		{300E0314-2A5B-4594-9ECE-EC1C77558DAF}.StaticDebug|Win32.ActiveCfg = StaticDebug|Win32
		{300E0314-2A5B-4594-9ECE-EC1C77558DAF}.StaticDebug|Win32.Build.0 = StaticDebug|Win32
		{300E0314-2A5B-4594-9ECE-EC1C77558DAF}.StaticRelease|Win32.ActiveCfg = StaticRelease|Win32
		{300E0314-2A5B-4594-9ECE-EC1C77558DAF}.StaticRelease|Win32.Build.0 = StaticRelease|Win32
	EndGlobalSection
	GlobalSection(SolutionProperties) = preSolution
		HideSolutionNode = FALSE
	EndGlobalSection
EndGlobal
